
Microsoft Visual Studio Solution File, Format Version 12.00
# Visual Studio Version 17
VisualStudioVersion = 17.1.32414.318
MinimumVisualStudioVersion = 10.0.40219.1
Project("{FAE04EC0-301F-11D3-BF4B-00C04F79EFBC}") = "PumpControl2023", "PumpControl2023\PumpControl2023.csproj", "{EDF8652F-4546-4D82-B374-9BF1DFF63BAB}"
EndProject
Global
	GlobalSection(SolutionConfigurationPlatforms) = preSolution
		Debug|Any CPU = Debug|Any CPU
		Release|Any CPU = Release|Any CPU
	EndGlobalSection
	GlobalSection(ProjectConfigurationPlatforms) = postSolution
		{EDF8652F-4546-4D82-B374-9BF1DFF63BAB}.Debug|Any CPU.ActiveCfg = Debug|Any CPU
		{EDF8652F-4546-4D82-B374-9BF1DFF63BAB}.Debug|Any CPU.Build.0 = Debug|Any CPU
		{EDF8652F-4546-4D82-B374-9BF1DFF63BAB}.Debug|Any CPU.Deploy.0 = Debug|Any CPU
		{EDF8652F-4546-4D82-B374-9BF1DFF63BAB}.Release|Any CPU.ActiveCfg = Release|Any CPU
		{EDF8652F-4546-4D82-B374-9BF1DFF63BAB}.Release|Any CPU.Build.0 = Release|Any CPU
		{EDF8652F-4546-4D82-B374-9BF1DFF63BAB}.Release|Any CPU.Deploy.0 = Release|Any CPU
	EndGlobalSection
	GlobalSection(SolutionProperties) = preSolution
		HideSolutionNode = FALSE
	EndGlobalSection
	GlobalSection(ExtensibilityGlobals) = postSolution
		SolutionGuid = {EC773A27-A8C2-4065-998F-AF934F770298}
	EndGlobalSection
EndGlobal
